
Microsoft Visual Studio Solution File, Format Version 12.00
# Visual Studio Version 17
VisualStudioVersion = 17.5.002.0
MinimumVisualStudioVersion = 10.0.40219.1
Project("{9A19103F-16F7-4668-BE54-9A1E7A4F7556}") = "Programa2", "Programa2\Programa2.csproj", "{93701FDC-B420-45D0-AC34-BA9E0BDCBF07}"
EndProject
Global
	GlobalSection(SolutionConfigurationPlatforms) = preSolution
		Debug|Any CPU = Debug|Any CPU
		Release|Any CPU = Release|Any CPU
	EndGlobalSection
	GlobalSection(ProjectConfigurationPlatforms) = postSolution
		{93701FDC-B420-45D0-AC34-BA9E0BDCBF07}.Debug|Any CPU.ActiveCfg = Debug|Any CPU
		{93701FDC-B420-45D0-AC34-BA9E0BDCBF07}.Debug|Any CPU.Build.0 = Debug|Any CPU
		{93701FDC-B420-45D0-AC34-BA9E0BDCBF07}.Release|Any CPU.ActiveCfg = Release|Any CPU
		{93701FDC-B420-45D0-AC34-BA9E0BDCBF07}.Release|Any CPU.Build.0 = Release|Any CPU
	EndGlobalSection
	GlobalSection(SolutionProperties) = preSolution
		HideSolutionNode = FALSE
	EndGlobalSection
	GlobalSection(ExtensibilityGlobals) = postSolution
		SolutionGuid = {2FC6BBDB-FECC-43BF-8238-0054279D8DFD}
	EndGlobalSection
EndGlobal
